<?xml version="1.0" encoding="UTF-8" standalone="yes" ?>
<CodeBlocks_project_file>
	<FileVersion major="1" minor="6" />
	<Project>
		<Option title="Tartarus" />
		<Option execution_dir="C:/Users/DELL/Downloads/Grand Theft Auto V [FitGirl Ultra Repack]/C++ Project/Tartarus/" />
		<Option pch_mode="2" />
		<Option compiler="gcc" />
		<Build>
			<Target title="Debug">
				<Option output="bin/Debug/Tartarus" prefix_auto="1" extension_auto="1" />
				<Option object_output="obj/Debug/" />
				<Option type="1" />
				<Option compiler="gcc" />
				<Compiler>
					<Add option="-g" />
					<Add directory="../../../../../../Program Files (x86)/CodeBlocks/sfml/include" />
				</Compiler>
				<Linker>
					<Add library="sfml-graphics" />
					<Add library="sfml-audio" />
					<Add library="sfml-window" />
					<Add library="sfml-system" />
					<Add directory="../../../../../../Program Files (x86)/CodeBlocks/sfml/lib" />
				</Linker>
			</Target>
			<Target title="Release">
				<Option output="bin/Release/Tartarus" prefix_auto="1" extension_auto="1" />
				<Option object_output="obj/Release/" />
				<Option type="1" />
				<Option compiler="gcc" />
				<Compiler>
					<Add option="-O2" />
				</Compiler>
				<Linker>
					<Add option="-s" />
				</Linker>
			</Target>
		</Build>
		<Compiler>
			<Add option="-Wall" />
			<Add directory="../../../../../Program Files (x86)/CodeBlocks/sfml/include" />
		</Compiler>
		<Linker>
			<Add library="sfml-graphics" />
			<Add library="sfml-window" />
			<Add library="sfml-system" />
			<Add directory="../../../../../Program Files (x86)/CodeBlocks/sfml/lib" />
		</Linker>
		<Unit filename="Animator.cpp" />
		<Unit filename="Animator.hpp" />
		<Unit filename="Character.cpp" />
		<Unit filename="Character.hpp" />
		<Unit filename="Game.cpp" />
		<Unit filename="Game.hpp" />
		<Unit filename="GameState.cpp" />
		<Unit filename="GameState.hpp" />
		<Unit filename="Key.cpp" />
		<Unit filename="Maze.cpp" />
		<Unit filename="Maze.hpp" />
		<Unit filename="Perseus.cpp" />
		<Unit filename="Perseus.hpp" />
		<Unit filename="Rock.cpp" />
		<Unit filename="Rock.hpp" />
		<Unit filename="bonus.cpp" />
		<Unit filename="bonus.hpp" />
		<Unit filename="key.hpp" />
		<Unit filename="main.cpp" />
		<Extensions>
			<code_completion />
			<envvars />
			<debugger />
			<lib_finder disable_auto="1" />
		</Extensions>
	</Project>
</CodeBlocks_project_file>
